
Microsoft Visual Studio Solution File, Format Version 12.00
# Visual Studio Version 17
VisualStudioVersion = 17.2.32602.215
MinimumVisualStudioVersion = 10.0.40219.1
Project("{FAE04EC0-301F-11D3-BF4B-00C04F79EFBC}") = "Quest_2-10", "Quest_2-10\Quest_2-10.csproj", "{C8715E31-2D28-418A-BF5F-2299165808E2}"
EndProject
Global
	GlobalSection(SolutionConfigurationPlatforms) = preSolution
		Debug|Any CPU = Debug|Any CPU
		Release|Any CPU = Release|Any CPU
	EndGlobalSection
	GlobalSection(ProjectConfigurationPlatforms) = postSolution
		{C8715E31-2D28-418A-BF5F-2299165808E2}.Debug|Any CPU.ActiveCfg = Debug|Any CPU
		{C8715E31-2D28-418A-BF5F-2299165808E2}.Debug|Any CPU.Build.0 = Debug|Any CPU
		{C8715E31-2D28-418A-BF5F-2299165808E2}.Release|Any CPU.ActiveCfg = Release|Any CPU
		{C8715E31-2D28-418A-BF5F-2299165808E2}.Release|Any CPU.Build.0 = Release|Any CPU
	EndGlobalSection
	GlobalSection(SolutionProperties) = preSolution
		HideSolutionNode = FALSE
	EndGlobalSection
	GlobalSection(ExtensibilityGlobals) = postSolution
		SolutionGuid = {ED4AD9EF-D6E6-4EC9-8C96-4A78064DB546}
	EndGlobalSection
EndGlobal
